// !$*UTF8*$!
{
	archiveVersion = 1;
	classes = {
	};
	objectVersion = 46;
	objects = {

/* Begin PBXBuildFile section */
		220128741933A80B005F1A3A /* SeriesInfoITK.mm in Sources */ = {isa = PBXBuildFile; fileRef = 220128721933A80B005F1A3A /* SeriesInfoITK.mm */; };
		223765B61923DCA400580892 /* UserDefaults.m in Sources */ = {isa = PBXBuildFile; fileRef = 223765B51923DCA400580892 /* UserDefaults.m */; };
		2263E96F194F2E6B00E0C027 /* LoggerUtils.mm in Sources */ = {isa = PBXBuildFile; fileRef = 2263E96D194F2E6B00E0C027 /* LoggerUtils.mm */; };
		226D69AC1952274B009D447B /* Readme.rtf in Resources */ = {isa = PBXBuildFile; fileRef = 226D69AB1952274B009D447B /* Readme.rtf */; };
		228972A41B5FEC4000260C0F /* libITKBiasCorrection-4.8.a in Frameworks */ = {isa = PBXBuildFile; fileRef = 228972541B5FEC4000260C0F /* libITKBiasCorrection-4.8.a */; };
		228972A51B5FEC4000260C0F /* libITKBioCell-4.8.a in Frameworks */ = {isa = PBXBuildFile; fileRef = 228972551B5FEC4000260C0F /* libITKBioCell-4.8.a */; };
		228972A61B5FEC4000260C0F /* libITKCommon-4.8.a in Frameworks */ = {isa = PBXBuildFile; fileRef = 228972561B5FEC4000260C0F /* libITKCommon-4.8.a */; };
		228972A71B5FEC4000260C0F /* libITKDICOMParser-4.8.a in Frameworks */ = {isa = PBXBuildFile; fileRef = 228972571B5FEC4000260C0F /* libITKDICOMParser-4.8.a */; };
		228972A81B5FEC4000260C0F /* libitkdouble-conversion-4.8.a in Frameworks */ = {isa = PBXBuildFile; fileRef = 228972581B5FEC4000260C0F /* libitkdouble-conversion-4.8.a */; };
		228972A91B5FEC4000260C0F /* libITKEXPAT-4.8.a in Frameworks */ = {isa = PBXBuildFile; fileRef = 228972591B5FEC4000260C0F /* libITKEXPAT-4.8.a */; };
		228972AA1B5FEC4000260C0F /* libITKFEM-4.8.a in Frameworks */ = {isa = PBXBuildFile; fileRef = 2289725A1B5FEC4000260C0F /* libITKFEM-4.8.a */; };
		228972AB1B5FEC4000260C0F /* libitkgdcmcharls-4.8.a in Frameworks */ = {isa = PBXBuildFile; fileRef = 2289725B1B5FEC4000260C0F /* libitkgdcmcharls-4.8.a */; };
		228972AC1B5FEC4000260C0F /* libitkgdcmCommon-4.8.a in Frameworks */ = {isa = PBXBuildFile; fileRef = 2289725C1B5FEC4000260C0F /* libitkgdcmCommon-4.8.a */; };
		228972AD1B5FEC4000260C0F /* libitkgdcmDICT-4.8.a in Frameworks */ = {isa = PBXBuildFile; fileRef = 2289725D1B5FEC4000260C0F /* libitkgdcmDICT-4.8.a */; };
		228972AE1B5FEC4000260C0F /* libitkgdcmDSED-4.8.a in Frameworks */ = {isa = PBXBuildFile; fileRef = 2289725E1B5FEC4000260C0F /* libitkgdcmDSED-4.8.a */; };
		228972AF1B5FEC4000260C0F /* libitkgdcmIOD-4.8.a in Frameworks */ = {isa = PBXBuildFile; fileRef = 2289725F1B5FEC4000260C0F /* libitkgdcmIOD-4.8.a */; };
		228972B01B5FEC4000260C0F /* libitkgdcmjpeg8-4.8.a in Frameworks */ = {isa = PBXBuildFile; fileRef = 228972601B5FEC4000260C0F /* libitkgdcmjpeg8-4.8.a */; };
		228972B11B5FEC4000260C0F /* libitkgdcmjpeg12-4.8.a in Frameworks */ = {isa = PBXBuildFile; fileRef = 228972611B5FEC4000260C0F /* libitkgdcmjpeg12-4.8.a */; };
		228972B21B5FEC4000260C0F /* libitkgdcmjpeg16-4.8.a in Frameworks */ = {isa = PBXBuildFile; fileRef = 228972621B5FEC4000260C0F /* libitkgdcmjpeg16-4.8.a */; };
		228972B31B5FEC4000260C0F /* libitkgdcmMEXD-4.8.a in Frameworks */ = {isa = PBXBuildFile; fileRef = 228972631B5FEC4000260C0F /* libitkgdcmMEXD-4.8.a */; };
		228972B41B5FEC4000260C0F /* libitkgdcmMSFF-4.8.a in Frameworks */ = {isa = PBXBuildFile; fileRef = 228972641B5FEC4000260C0F /* libitkgdcmMSFF-4.8.a */; };
		228972B51B5FEC4000260C0F /* libitkgdcmopenjpeg-4.8.a in Frameworks */ = {isa = PBXBuildFile; fileRef = 228972651B5FEC4000260C0F /* libitkgdcmopenjpeg-4.8.a */; };
		228972B61B5FEC4000260C0F /* libitkgdcmsocketxx-4.8.a in Frameworks */ = {isa = PBXBuildFile; fileRef = 228972661B5FEC4000260C0F /* libitkgdcmsocketxx-4.8.a */; };
		228972B71B5FEC4000260C0F /* libitkgdcmuuid-4.8.a in Frameworks */ = {isa = PBXBuildFile; fileRef = 228972671B5FEC4000260C0F /* libitkgdcmuuid-4.8.a */; };
		228972B81B5FEC4000260C0F /* libITKgiftiio-4.8.a in Frameworks */ = {isa = PBXBuildFile; fileRef = 228972681B5FEC4000260C0F /* libITKgiftiio-4.8.a */; };
		228972B91B5FEC4000260C0F /* libitkhdf5_cpp-4.8.a in Frameworks */ = {isa = PBXBuildFile; fileRef = 228972691B5FEC4000260C0F /* libitkhdf5_cpp-4.8.a */; };
		228972BA1B5FEC4000260C0F /* libitkhdf5-4.8.a in Frameworks */ = {isa = PBXBuildFile; fileRef = 2289726A1B5FEC4000260C0F /* libitkhdf5-4.8.a */; };
		228972BB1B5FEC4000260C0F /* libITKIOBioRad-4.8.a in Frameworks */ = {isa = PBXBuildFile; fileRef = 2289726B1B5FEC4000260C0F /* libITKIOBioRad-4.8.a */; };
		228972BC1B5FEC4000260C0F /* libITKIOBMP-4.8.a in Frameworks */ = {isa = PBXBuildFile; fileRef = 2289726C1B5FEC4000260C0F /* libITKIOBMP-4.8.a */; };
		228972BD1B5FEC4000260C0F /* libITKIOCSV-4.8.a in Frameworks */ = {isa = PBXBuildFile; fileRef = 2289726D1B5FEC4000260C0F /* libITKIOCSV-4.8.a */; };
		228972BE1B5FEC4000260C0F /* libITKIOGDCM-4.8.a in Frameworks */ = {isa = PBXBuildFile; fileRef = 2289726E1B5FEC4000260C0F /* libITKIOGDCM-4.8.a */; };
		228972BF1B5FEC4000260C0F /* libITKIOGE-4.8.a in Frameworks */ = {isa = PBXBuildFile; fileRef = 2289726F1B5FEC4000260C0F /* libITKIOGE-4.8.a */; };
		228972C01B5FEC4000260C0F /* libITKIOGIPL-4.8.a in Frameworks */ = {isa = PBXBuildFile; fileRef = 228972701B5FEC4000260C0F /* libITKIOGIPL-4.8.a */; };
		228972C11B5FEC4000260C0F /* libITKIOHDF5-4.8.a in Frameworks */ = {isa = PBXBuildFile; fileRef = 228972711B5FEC4000260C0F /* libITKIOHDF5-4.8.a */; };
		228972C21B5FEC4000260C0F /* libITKIOImageBase-4.8.a in Frameworks */ = {isa = PBXBuildFile; fileRef = 228972721B5FEC4000260C0F /* libITKIOImageBase-4.8.a */; };
		228972C31B5FEC4000260C0F /* libITKIOIPL-4.8.a in Frameworks */ = {isa = PBXBuildFile; fileRef = 228972731B5FEC4000260C0F /* libITKIOIPL-4.8.a */; };
		228972C41B5FEC4000260C0F /* libITKIOJPEG-4.8.a in Frameworks */ = {isa = PBXBuildFile; fileRef = 228972741B5FEC4000260C0F /* libITKIOJPEG-4.8.a */; };
		228972C51B5FEC4000260C0F /* libITKIOLSM-4.8.a in Frameworks */ = {isa = PBXBuildFile; fileRef = 228972751B5FEC4000260C0F /* libITKIOLSM-4.8.a */; };
		228972C61B5FEC4000260C0F /* libITKIOMesh-4.8.a in Frameworks */ = {isa = PBXBuildFile; fileRef = 228972761B5FEC4000260C0F /* libITKIOMesh-4.8.a */; };
		228972C71B5FEC4000260C0F /* libITKIOMeta-4.8.a in Frameworks */ = {isa = PBXBuildFile; fileRef = 228972771B5FEC4000260C0F /* libITKIOMeta-4.8.a */; };
		228972C81B5FEC4000260C0F /* libITKIOMRC-4.8.a in Frameworks */ = {isa = PBXBuildFile; fileRef = 228972781B5FEC4000260C0F /* libITKIOMRC-4.8.a */; };
		228972C91B5FEC4000260C0F /* libITKIONIFTI-4.8.a in Frameworks */ = {isa = PBXBuildFile; fileRef = 228972791B5FEC4000260C0F /* libITKIONIFTI-4.8.a */; };
		228972CA1B5FEC4000260C0F /* libITKIONRRD-4.8.a in Frameworks */ = {isa = PBXBuildFile; fileRef = 2289727A1B5FEC4000260C0F /* libITKIONRRD-4.8.a */; };
		228972CB1B5FEC4000260C0F /* libITKIOPNG-4.8.a in Frameworks */ = {isa = PBXBuildFile; fileRef = 2289727B1B5FEC4000260C0F /* libITKIOPNG-4.8.a */; };
		228972CC1B5FEC4000260C0F /* libITKIOSiemens-4.8.a in Frameworks */ = {isa = PBXBuildFile; fileRef = 2289727C1B5FEC4000260C0F /* libITKIOSiemens-4.8.a */; };
		228972CD1B5FEC4000260C0F /* libITKIOSpatialObjects-4.8.a in Frameworks */ = {isa = PBXBuildFile; fileRef = 2289727D1B5FEC4000260C0F /* libITKIOSpatialObjects-4.8.a */; };
		228972CE1B5FEC4000260C0F /* libITKIOStimulate-4.8.a in Frameworks */ = {isa = PBXBuildFile; fileRef = 2289727E1B5FEC4000260C0F /* libITKIOStimulate-4.8.a */; };
		228972CF1B5FEC4000260C0F /* libITKIOTIFF-4.8.a in Frameworks */ = {isa = PBXBuildFile; fileRef = 2289727F1B5FEC4000260C0F /* libITKIOTIFF-4.8.a */; };
		228972D01B5FEC4000260C0F /* libITKIOTransformBase-4.8.a in Frameworks */ = {isa = PBXBuildFile; fileRef = 228972801B5FEC4000260C0F /* libITKIOTransformBase-4.8.a */; };
		228972D11B5FEC4000260C0F /* libITKIOTransformHDF5-4.8.a in Frameworks */ = {isa = PBXBuildFile; fileRef = 228972811B5FEC4000260C0F /* libITKIOTransformHDF5-4.8.a */; };
		228972D21B5FEC4000260C0F /* libITKIOTransformInsightLegacy-4.8.a in Frameworks */ = {isa = PBXBuildFile; fileRef = 228972821B5FEC4000260C0F /* libITKIOTransformInsightLegacy-4.8.a */; };
		228972D31B5FEC4000260C0F /* libITKIOTransformMatlab-4.8.a in Frameworks */ = {isa = PBXBuildFile; fileRef = 228972831B5FEC4000260C0F /* libITKIOTransformMatlab-4.8.a */; };
		228972D41B5FEC4000260C0F /* libITKIOVTK-4.8.a in Frameworks */ = {isa = PBXBuildFile; fileRef = 228972841B5FEC4000260C0F /* libITKIOVTK-4.8.a */; };
		228972D51B5FEC4000260C0F /* libITKIOXML-4.8.a in Frameworks */ = {isa = PBXBuildFile; fileRef = 228972851B5FEC4000260C0F /* libITKIOXML-4.8.a */; };
		228972D61B5FEC4000260C0F /* libitkjpeg-4.8.a in Frameworks */ = {isa = PBXBuildFile; fileRef = 228972861B5FEC4000260C0F /* libitkjpeg-4.8.a */; };
		228972D71B5FEC4000260C0F /* libITKKLMRegionGrowing-4.8.a in Frameworks */ = {isa = PBXBuildFile; fileRef = 228972871B5FEC4000260C0F /* libITKKLMRegionGrowing-4.8.a */; };
		228972D81B5FEC4000260C0F /* libITKLabelMap-4.8.a in Frameworks */ = {isa = PBXBuildFile; fileRef = 228972881B5FEC4000260C0F /* libITKLabelMap-4.8.a */; };
		228972D91B5FEC4000260C0F /* libITKMesh-4.8.a in Frameworks */ = {isa = PBXBuildFile; fileRef = 228972891B5FEC4000260C0F /* libITKMesh-4.8.a */; };
		228972DA1B5FEC4000260C0F /* libITKMetaIO-4.8.a in Frameworks */ = {isa = PBXBuildFile; fileRef = 2289728A1B5FEC4000260C0F /* libITKMetaIO-4.8.a */; };
		228972DB1B5FEC4000260C0F /* libitkNetlibSlatec-4.8.a in Frameworks */ = {isa = PBXBuildFile; fileRef = 2289728B1B5FEC4000260C0F /* libitkNetlibSlatec-4.8.a */; };
		228972DC1B5FEC4000260C0F /* libITKniftiio-4.8.a in Frameworks */ = {isa = PBXBuildFile; fileRef = 2289728C1B5FEC4000260C0F /* libITKniftiio-4.8.a */; };
		228972DD1B5FEC4000260C0F /* libITKNrrdIO-4.8.a in Frameworks */ = {isa = PBXBuildFile; fileRef = 2289728D1B5FEC4000260C0F /* libITKNrrdIO-4.8.a */; };
		228972DE1B5FEC4000260C0F /* libITKOptimizers-4.8.a in Frameworks */ = {isa = PBXBuildFile; fileRef = 2289728E1B5FEC4000260C0F /* libITKOptimizers-4.8.a */; };
		228972DF1B5FEC4000260C0F /* libITKOptimizersv4-4.8.a in Frameworks */ = {isa = PBXBuildFile; fileRef = 2289728F1B5FEC4000260C0F /* libITKOptimizersv4-4.8.a */; };
		228972E01B5FEC4000260C0F /* libITKPath-4.8.a in Frameworks */ = {isa = PBXBuildFile; fileRef = 228972901B5FEC4000260C0F /* libITKPath-4.8.a */; };
		228972E11B5FEC4000260C0F /* libitkpng-4.8.a in Frameworks */ = {isa = PBXBuildFile; fileRef = 228972911B5FEC4000260C0F /* libitkpng-4.8.a */; };
		228972E21B5FEC4000260C0F /* libITKPolynomials-4.8.a in Frameworks */ = {isa = PBXBuildFile; fileRef = 228972921B5FEC4000260C0F /* libITKPolynomials-4.8.a */; };
		228972E31B5FEC4000260C0F /* libITKQuadEdgeMesh-4.8.a in Frameworks */ = {isa = PBXBuildFile; fileRef = 228972931B5FEC4000260C0F /* libITKQuadEdgeMesh-4.8.a */; };
		228972E41B5FEC4000260C0F /* libITKSpatialObjects-4.8.a in Frameworks */ = {isa = PBXBuildFile; fileRef = 228972941B5FEC4000260C0F /* libITKSpatialObjects-4.8.a */; };
		228972E51B5FEC4000260C0F /* libITKStatistics-4.8.a in Frameworks */ = {isa = PBXBuildFile; fileRef = 228972951B5FEC4000260C0F /* libITKStatistics-4.8.a */; };
		228972E61B5FEC4000260C0F /* libitksys-4.8.a in Frameworks */ = {isa = PBXBuildFile; fileRef = 228972961B5FEC4000260C0F /* libitksys-4.8.a */; };
		228972E71B5FEC4000260C0F /* libitktiff-4.8.a in Frameworks */ = {isa = PBXBuildFile; fileRef = 228972971B5FEC4000260C0F /* libitktiff-4.8.a */; };
		228972E81B5FEC4000260C0F /* libitkv3p_lsqr-4.8.a in Frameworks */ = {isa = PBXBuildFile; fileRef = 228972981B5FEC4000260C0F /* libitkv3p_lsqr-4.8.a */; };
		228972E91B5FEC4000260C0F /* libitkv3p_netlib-4.8.a in Frameworks */ = {isa = PBXBuildFile; fileRef = 228972991B5FEC4000260C0F /* libitkv3p_netlib-4.8.a */; };
		228972EA1B5FEC4000260C0F /* libitkvcl-4.8.a in Frameworks */ = {isa = PBXBuildFile; fileRef = 2289729A1B5FEC4000260C0F /* libitkvcl-4.8.a */; };
		228972EB1B5FEC4000260C0F /* libITKVideoCore-4.8.a in Frameworks */ = {isa = PBXBuildFile; fileRef = 2289729B1B5FEC4000260C0F /* libITKVideoCore-4.8.a */; };
		228972EC1B5FEC4000260C0F /* libITKVideoIO-4.8.a in Frameworks */ = {isa = PBXBuildFile; fileRef = 2289729C1B5FEC4000260C0F /* libITKVideoIO-4.8.a */; };
		228972ED1B5FEC4000260C0F /* libitkvnl_algo-4.8.a in Frameworks */ = {isa = PBXBuildFile; fileRef = 2289729D1B5FEC4000260C0F /* libitkvnl_algo-4.8.a */; };
		228972EE1B5FEC4000260C0F /* libitkvnl-4.8.a in Frameworks */ = {isa = PBXBuildFile; fileRef = 2289729E1B5FEC4000260C0F /* libitkvnl-4.8.a */; };
		228972EF1B5FEC4000260C0F /* libITKVNLInstantiation-4.8.a in Frameworks */ = {isa = PBXBuildFile; fileRef = 2289729F1B5FEC4000260C0F /* libITKVNLInstantiation-4.8.a */; };
		228972F01B5FEC4000260C0F /* libITKVTK-4.8.a in Frameworks */ = {isa = PBXBuildFile; fileRef = 228972A01B5FEC4000260C0F /* libITKVTK-4.8.a */; };
		228972F11B5FEC4000260C0F /* libITKWatersheds-4.8.a in Frameworks */ = {isa = PBXBuildFile; fileRef = 228972A11B5FEC4000260C0F /* libITKWatersheds-4.8.a */; };
		228972F21B5FEC4000260C0F /* libitkzlib-4.8.a in Frameworks */ = {isa = PBXBuildFile; fileRef = 228972A21B5FEC4000260C0F /* libitkzlib-4.8.a */; };
		228972F31B5FEC4000260C0F /* libITKznz-4.8.a in Frameworks */ = {isa = PBXBuildFile; fileRef = 228972A31B5FEC4000260C0F /* libITKznz-4.8.a */; };
		22BC1BED18EB060000FFDEFC /* SeriesInfo.m in Sources */ = {isa = PBXBuildFile; fileRef = 22BC1BEC18EB060000FFDEFC /* SeriesInfo.m */; };
		22C1C95018E45A0B006A801D /* ImageReader.mm in Sources */ = {isa = PBXBuildFile; fileRef = 22C1C94F18E45A0B006A801D /* ImageReader.mm */; };
		22C8E3DD1B56CE6F00F5FBE1 /* Manual.odt in Resources */ = {isa = PBXBuildFile; fileRef = 22C8E3DC1B56CE6F00F5FBE1 /* Manual.odt */; };
		22CF499C1A38999D0074D5D6 /* ErrorCodes.c in Sources */ = {isa = PBXBuildFile; fileRef = 22CF499B1A38999D0074D5D6 /* ErrorCodes.c */; };
		22CF91121B5D2ECC0049ED66 /* liblog4cplusS.a in Frameworks */ = {isa = PBXBuildFile; fileRef = 22CF91101B5D2ECC0049ED66 /* liblog4cplusS.a */; };
		22CF91131B5D2ECC0049ED66 /* liblog4m.a in Frameworks */ = {isa = PBXBuildFile; fileRef = 22CF91111B5D2ECC0049ED66 /* liblog4m.a */; };
		22D7FE5F18E5C85C00D5E451 /* DicomSeriesWriter.mm in Sources */ = {isa = PBXBuildFile; fileRef = 22D7FE5D18E5C85C00D5E451 /* DicomSeriesWriter.mm */; };
		22F99D3B18E078EE007EAF0A /* Cocoa.framework in Frameworks */ = {isa = PBXBuildFile; fileRef = 22F99D3A18E078EE007EAF0A /* Cocoa.framework */; };
		22F99D4518E078EE007EAF0A /* InfoPlist.strings in Resources */ = {isa = PBXBuildFile; fileRef = 22F99D4318E078EE007EAF0A /* InfoPlist.strings */; };
		22F99D4718E078EE007EAF0A /* main.m in Sources */ = {isa = PBXBuildFile; fileRef = 22F99D4618E078EE007EAF0A /* main.m */; };
		22F99D4B18E078EE007EAF0A /* Credits.rtf in Resources */ = {isa = PBXBuildFile; fileRef = 22F99D4918E078EE007EAF0A /* Credits.rtf */; };
		22F99D4E18E078EE007EAF0A /* AppDelegate.mm in Sources */ = {isa = PBXBuildFile; fileRef = 22F99D4D18E078EE007EAF0A /* AppDelegate.mm */; };
		22F99D5118E078EE007EAF0A /* MainWindow.xib in Resources */ = {isa = PBXBuildFile; fileRef = 22F99D4F18E078EE007EAF0A /* MainWindow.xib */; };
		22F99D5318E078EE007EAF0A /* Images.xcassets in Resources */ = {isa = PBXBuildFile; fileRef = 22F99D5218E078EE007EAF0A /* Images.xcassets */; };
		22F99D7018E07941007EAF0A /* SeriesConverter.mm in Sources */ = {isa = PBXBuildFile; fileRef = 22F99D6F18E07941007EAF0A /* SeriesConverter.mm */; };
		22F99EAB18E080FA007EAF0A /* WindowController.mm in Sources */ = {isa = PBXBuildFile; fileRef = 22F99EAA18E080FA007EAF0A /* WindowController.mm */; };
		22F99EB018E0BB70007EAF0A /* DumpMetaDataDictionary.cpp in Sources */ = {isa = PBXBuildFile; fileRef = 22F99EAD18E0BB70007EAF0A /* DumpMetaDataDictionary.cpp */; };
/* End PBXBuildFile section */

/* Begin PBXFileReference section */
		220128721933A80B005F1A3A /* SeriesInfoITK.mm */ = {isa = PBXFileReference; fileEncoding = 4; lastKnownFileType = sourcecode.cpp.objcpp; path = SeriesInfoITK.mm; sourceTree = "<group>"; };
		220128731933A80B005F1A3A /* SeriesInfoITK.h */ = {isa = PBXFileReference; fileEncoding = 4; lastKnownFileType = sourcecode.c.h; path = SeriesInfoITK.h; sourceTree = "<group>"; };
		223765B41923DCA400580892 /* UserDefaults.h */ = {isa = PBXFileReference; fileEncoding = 4; lastKnownFileType = sourcecode.c.h; path = UserDefaults.h; sourceTree = "<group>"; };
		223765B51923DCA400580892 /* UserDefaults.m */ = {isa = PBXFileReference; fileEncoding = 4; lastKnownFileType = sourcecode.c.objc; path = UserDefaults.m; sourceTree = "<group>"; };
		2245823218E1BDDD002D03A4 /* ImageReader.h */ = {isa = PBXFileReference; fileEncoding = 4; lastKnownFileType = sourcecode.c.h; path = ImageReader.h; sourceTree = "<group>"; };
		2245823418E1CC08002D03A4 /* Typedefs.h */ = {isa = PBXFileReference; fileEncoding = 4; lastKnownFileType = sourcecode.c.h; path = Typedefs.h; sourceTree = "<group>"; };
		2258CBC81AFCE56A00200E92 /* en */ = {isa = PBXFileReference; lastKnownFileType = file.xib; name = en; path = en.lproj/MainWindow.xib; sourceTree = "<group>"; };
		2263E96D194F2E6B00E0C027 /* LoggerUtils.mm */ = {isa = PBXFileReference; fileEncoding = 4; lastKnownFileType = sourcecode.cpp.objcpp; path = LoggerUtils.mm; sourceTree = "<group>"; };
		2263E96E194F2E6B00E0C027 /* LoggerUtils.h */ = {isa = PBXFileReference; fileEncoding = 4; lastKnownFileType = sourcecode.c.h; path = LoggerUtils.h; sourceTree = "<group>"; };
		2263E970194F3A0D00E0C027 /* LoggerName.h */ = {isa = PBXFileReference; lastKnownFileType = sourcecode.c.h; path = LoggerName.h; sourceTree = "<group>"; };
		226D69AB1952274B009D447B /* Readme.rtf */ = {isa = PBXFileReference; fileEncoding = 4; lastKnownFileType = text.rtf; path = Readme.rtf; sourceTree = "<group>"; };
		228972541B5FEC4000260C0F /* libITKBiasCorrection-4.8.a */ = {isa = PBXFileReference; lastKnownFileType = archive.ar; name = "libITKBiasCorrection-4.8.a"; path = "../../../../ITK-4.8/Universal/Release/lib/libITKBiasCorrection-4.8.a"; sourceTree = "<group>"; };
		228972551B5FEC4000260C0F /* libITKBioCell-4.8.a */ = {isa = PBXFileReference; lastKnownFileType = archive.ar; name = "libITKBioCell-4.8.a"; path = "../../../../ITK-4.8/Universal/Release/lib/libITKBioCell-4.8.a"; sourceTree = "<group>"; };
		228972561B5FEC4000260C0F /* libITKCommon-4.8.a */ = {isa = PBXFileReference; lastKnownFileType = archive.ar; name = "libITKCommon-4.8.a"; path = "../../../../ITK-4.8/Universal/Release/lib/libITKCommon-4.8.a"; sourceTree = "<group>"; };
		228972571B5FEC4000260C0F /* libITKDICOMParser-4.8.a */ = {isa = PBXFileReference; lastKnownFileType = archive.ar; name = "libITKDICOMParser-4.8.a"; path = "../../../../ITK-4.8/Universal/Release/lib/libITKDICOMParser-4.8.a"; sourceTree = "<group>"; };
		228972581B5FEC4000260C0F /* libitkdouble-conversion-4.8.a */ = {isa = PBXFileReference; lastKnownFileType = archive.ar; name = "libitkdouble-conversion-4.8.a"; path = "../../../../ITK-4.8/Universal/Release/lib/libitkdouble-conversion-4.8.a"; sourceTree = "<group>"; };
		228972591B5FEC4000260C0F /* libITKEXPAT-4.8.a */ = {isa = PBXFileReference; lastKnownFileType = archive.ar; name = "libITKEXPAT-4.8.a"; path = "../../../../ITK-4.8/Universal/Release/lib/libITKEXPAT-4.8.a"; sourceTree = "<group>"; };
		2289725A1B5FEC4000260C0F /* libITKFEM-4.8.a */ = {isa = PBXFileReference; lastKnownFileType = archive.ar; name = "libITKFEM-4.8.a"; path = "../../../../ITK-4.8/Universal/Release/lib/libITKFEM-4.8.a"; sourceTree = "<group>"; };
		2289725B1B5FEC4000260C0F /* libitkgdcmcharls-4.8.a */ = {isa = PBXFileReference; lastKnownFileType = archive.ar; name = "libitkgdcmcharls-4.8.a"; path = "../../../../ITK-4.8/Universal/Release/lib/libitkgdcmcharls-4.8.a"; sourceTree = "<group>"; };
		2289725C1B5FEC4000260C0F /* libitkgdcmCommon-4.8.a */ = {isa = PBXFileReference; lastKnownFileType = archive.ar; name = "libitkgdcmCommon-4.8.a"; path = "../../../../ITK-4.8/Universal/Release/lib/libitkgdcmCommon-4.8.a"; sourceTree = "<group>"; };
		2289725D1B5FEC4000260C0F /* libitkgdcmDICT-4.8.a */ = {isa = PBXFileReference; lastKnownFileType = archive.ar; name = "libitkgdcmDICT-4.8.a"; path = "../../../../ITK-4.8/Universal/Release/lib/libitkgdcmDICT-4.8.a"; sourceTree = "<group>"; };
		2289725E1B5FEC4000260C0F /* libitkgdcmDSED-4.8.a */ = {isa = PBXFileReference; lastKnownFileType = archive.ar; name = "libitkgdcmDSED-4.8.a"; path = "../../../../ITK-4.8/Universal/Release/lib/libitkgdcmDSED-4.8.a"; sourceTree = "<group>"; };
		2289725F1B5FEC4000260C0F /* libitkgdcmIOD-4.8.a */ = {isa = PBXFileReference; lastKnownFileType = archive.ar; name = "libitkgdcmIOD-4.8.a"; path = "../../../../ITK-4.8/Universal/Release/lib/libitkgdcmIOD-4.8.a"; sourceTree = "<group>"; };
		228972601B5FEC4000260C0F /* libitkgdcmjpeg8-4.8.a */ = {isa = PBXFileReference; lastKnownFileType = archive.ar; name = "libitkgdcmjpeg8-4.8.a"; path = "../../../../ITK-4.8/Universal/Release/lib/libitkgdcmjpeg8-4.8.a"; sourceTree = "<group>"; };
		228972611B5FEC4000260C0F /* libitkgdcmjpeg12-4.8.a */ = {isa = PBXFileReference; lastKnownFileType = archive.ar; name = "libitkgdcmjpeg12-4.8.a"; path = "../../../../ITK-4.8/Universal/Release/lib/libitkgdcmjpeg12-4.8.a"; sourceTree = "<group>"; };
		228972621B5FEC4000260C0F /* libitkgdcmjpeg16-4.8.a */ = {isa = PBXFileReference; lastKnownFileType = archive.ar; name = "libitkgdcmjpeg16-4.8.a"; path = "../../../../ITK-4.8/Universal/Release/lib/libitkgdcmjpeg16-4.8.a"; sourceTree = "<group>"; };
		228972631B5FEC4000260C0F /* libitkgdcmMEXD-4.8.a */ = {isa = PBXFileReference; lastKnownFileType = archive.ar; name = "libitkgdcmMEXD-4.8.a"; path = "../../../../ITK-4.8/Universal/Release/lib/libitkgdcmMEXD-4.8.a"; sourceTree = "<group>"; };
		228972641B5FEC4000260C0F /* libitkgdcmMSFF-4.8.a */ = {isa = PBXFileReference; lastKnownFileType = archive.ar; name = "libitkgdcmMSFF-4.8.a"; path = "../../../../ITK-4.8/Universal/Release/lib/libitkgdcmMSFF-4.8.a"; sourceTree = "<group>"; };
		228972651B5FEC4000260C0F /* libitkgdcmopenjpeg-4.8.a */ = {isa = PBXFileReference; lastKnownFileType = archive.ar; name = "libitkgdcmopenjpeg-4.8.a"; path = "../../../../ITK-4.8/Universal/Release/lib/libitkgdcmopenjpeg-4.8.a"; sourceTree = "<group>"; };
		228972661B5FEC4000260C0F /* libitkgdcmsocketxx-4.8.a */ = {isa = PBXFileReference; lastKnownFileType = archive.ar; name = "libitkgdcmsocketxx-4.8.a"; path = "../../../../ITK-4.8/Universal/Release/lib/libitkgdcmsocketxx-4.8.a"; sourceTree = "<group>"; };
		228972671B5FEC4000260C0F /* libitkgdcmuuid-4.8.a */ = {isa = PBXFileReference; lastKnownFileType = archive.ar; name = "libitkgdcmuuid-4.8.a"; path = "../../../../ITK-4.8/Universal/Release/lib/libitkgdcmuuid-4.8.a"; sourceTree = "<group>"; };
		228972681B5FEC4000260C0F /* libITKgiftiio-4.8.a */ = {isa = PBXFileReference; lastKnownFileType = archive.ar; name = "libITKgiftiio-4.8.a"; path = "../../../../ITK-4.8/Universal/Release/lib/libITKgiftiio-4.8.a"; sourceTree = "<group>"; };
		228972691B5FEC4000260C0F /* libitkhdf5_cpp-4.8.a */ = {isa = PBXFileReference; lastKnownFileType = archive.ar; name = "libitkhdf5_cpp-4.8.a"; path = "../../../../ITK-4.8/Universal/Release/lib/libitkhdf5_cpp-4.8.a"; sourceTree = "<group>"; };
		2289726A1B5FEC4000260C0F /* libitkhdf5-4.8.a */ = {isa = PBXFileReference; lastKnownFileType = archive.ar; name = "libitkhdf5-4.8.a"; path = "../../../../ITK-4.8/Universal/Release/lib/libitkhdf5-4.8.a"; sourceTree = "<group>"; };
		2289726B1B5FEC4000260C0F /* libITKIOBioRad-4.8.a */ = {isa = PBXFileReference; lastKnownFileType = archive.ar; name = "libITKIOBioRad-4.8.a"; path = "../../../../ITK-4.8/Universal/Release/lib/libITKIOBioRad-4.8.a"; sourceTree = "<group>"; };
		2289726C1B5FEC4000260C0F /* libITKIOBMP-4.8.a */ = {isa = PBXFileReference; lastKnownFileType = archive.ar; name = "libITKIOBMP-4.8.a"; path = "../../../../ITK-4.8/Universal/Release/lib/libITKIOBMP-4.8.a"; sourceTree = "<group>"; };
		2289726D1B5FEC4000260C0F /* libITKIOCSV-4.8.a */ = {isa = PBXFileReference; lastKnownFileType = archive.ar; name = "libITKIOCSV-4.8.a"; path = "../../../../ITK-4.8/Universal/Release/lib/libITKIOCSV-4.8.a"; sourceTree = "<group>"; };
		2289726E1B5FEC4000260C0F /* libITKIOGDCM-4.8.a */ = {isa = PBXFileReference; lastKnownFileType = archive.ar; name = "libITKIOGDCM-4.8.a"; path = "../../../../ITK-4.8/Universal/Release/lib/libITKIOGDCM-4.8.a"; sourceTree = "<group>"; };
		2289726F1B5FEC4000260C0F /* libITKIOGE-4.8.a */ = {isa = PBXFileReference; lastKnownFileType = archive.ar; name = "libITKIOGE-4.8.a"; path = "../../../../ITK-4.8/Universal/Release/lib/libITKIOGE-4.8.a"; sourceTree = "<group>"; };
		228972701B5FEC4000260C0F /* libITKIOGIPL-4.8.a */ = {isa = PBXFileReference; lastKnownFileType = archive.ar; name = "libITKIOGIPL-4.8.a"; path = "../../../../ITK-4.8/Universal/Release/lib/libITKIOGIPL-4.8.a"; sourceTree = "<group>"; };
		228972711B5FEC4000260C0F /* libITKIOHDF5-4.8.a */ = {isa = PBXFileReference; lastKnownFileType = archive.ar; name = "libITKIOHDF5-4.8.a"; path = "../../../../ITK-4.8/Universal/Release/lib/libITKIOHDF5-4.8.a"; sourceTree = "<group>"; };
		228972721B5FEC4000260C0F /* libITKIOImageBase-4.8.a */ = {isa = PBXFileReference; lastKnownFileType = archive.ar; name = "libITKIOImageBase-4.8.a"; path = "../../../../ITK-4.8/Universal/Release/lib/libITKIOImageBase-4.8.a"; sourceTree = "<group>"; };
		228972731B5FEC4000260C0F /* libITKIOIPL-4.8.a */ = {isa = PBXFileReference; lastKnownFileType = archive.ar; name = "libITKIOIPL-4.8.a"; path = "../../../../ITK-4.8/Universal/Release/lib/libITKIOIPL-4.8.a"; sourceTree = "<group>"; };
		228972741B5FEC4000260C0F /* libITKIOJPEG-4.8.a */ = {isa = PBXFileReference; lastKnownFileType = archive.ar; name = "libITKIOJPEG-4.8.a"; path = "../../../../ITK-4.8/Universal/Release/lib/libITKIOJPEG-4.8.a"; sourceTree = "<group>"; };
		228972751B5FEC4000260C0F /* libITKIOLSM-4.8.a */ = {isa = PBXFileReference; lastKnownFileType = archive.ar; name = "libITKIOLSM-4.8.a"; path = "../../../../ITK-4.8/Universal/Release/lib/libITKIOLSM-4.8.a"; sourceTree = "<group>"; };
		228972761B5FEC4000260C0F /* libITKIOMesh-4.8.a */ = {isa = PBXFileReference; lastKnownFileType = archive.ar; name = "libITKIOMesh-4.8.a"; path = "../../../../ITK-4.8/Universal/Release/lib/libITKIOMesh-4.8.a"; sourceTree = "<group>"; };
		228972771B5FEC4000260C0F /* libITKIOMeta-4.8.a */ = {isa = PBXFileReference; lastKnownFileType = archive.ar; name = "libITKIOMeta-4.8.a"; path = "../../../../ITK-4.8/Universal/Release/lib/libITKIOMeta-4.8.a"; sourceTree = "<group>"; };
		228972781B5FEC4000260C0F /* libITKIOMRC-4.8.a */ = {isa = PBXFileReference; lastKnownFileType = archive.ar; name = "libITKIOMRC-4.8.a"; path = "../../../../ITK-4.8/Universal/Release/lib/libITKIOMRC-4.8.a"; sourceTree = "<group>"; };
		228972791B5FEC4000260C0F /* libITKIONIFTI-4.8.a */ = {isa = PBXFileReference; lastKnownFileType = archive.ar; name = "libITKIONIFTI-4.8.a"; path = "../../../../ITK-4.8/Universal/Release/lib/libITKIONIFTI-4.8.a"; sourceTree = "<group>"; };
		2289727A1B5FEC4000260C0F /* libITKIONRRD-4.8.a */ = {isa = PBXFileReference; lastKnownFileType = archive.ar; name = "libITKIONRRD-4.8.a"; path = "../../../../ITK-4.8/Universal/Release/lib/libITKIONRRD-4.8.a"; sourceTree = "<group>"; };
		2289727B1B5FEC4000260C0F /* libITKIOPNG-4.8.a */ = {isa = PBXFileReference; lastKnownFileType = archive.ar; name = "libITKIOPNG-4.8.a"; path = "../../../../ITK-4.8/Universal/Release/lib/libITKIOPNG-4.8.a"; sourceTree = "<group>"; };
		2289727C1B5FEC4000260C0F /* libITKIOSiemens-4.8.a */ = {isa = PBXFileReference; lastKnownFileType = archive.ar; name = "libITKIOSiemens-4.8.a"; path = "../../../../ITK-4.8/Universal/Release/lib/libITKIOSiemens-4.8.a"; sourceTree = "<group>"; };
		2289727D1B5FEC4000260C0F /* libITKIOSpatialObjects-4.8.a */ = {isa = PBXFileReference; lastKnownFileType = archive.ar; name = "libITKIOSpatialObjects-4.8.a"; path = "../../../../ITK-4.8/Universal/Release/lib/libITKIOSpatialObjects-4.8.a"; sourceTree = "<group>"; };
		2289727E1B5FEC4000260C0F /* libITKIOStimulate-4.8.a */ = {isa = PBXFileReference; lastKnownFileType = archive.ar; name = "libITKIOStimulate-4.8.a"; path = "../../../../ITK-4.8/Universal/Release/lib/libITKIOStimulate-4.8.a"; sourceTree = "<group>"; };
		2289727F1B5FEC4000260C0F /* libITKIOTIFF-4.8.a */ = {isa = PBXFileReference; lastKnownFileType = archive.ar; name = "libITKIOTIFF-4.8.a"; path = "../../../../ITK-4.8/Universal/Release/lib/libITKIOTIFF-4.8.a"; sourceTree = "<group>"; };
		228972801B5FEC4000260C0F /* libITKIOTransformBase-4.8.a */ = {isa = PBXFileReference; lastKnownFileType = archive.ar; name = "libITKIOTransformBase-4.8.a"; path = "../../../../ITK-4.8/Universal/Release/lib/libITKIOTransformBase-4.8.a"; sourceTree = "<group>"; };
		228972811B5FEC4000260C0F /* libITKIOTransformHDF5-4.8.a */ = {isa = PBXFileReference; lastKnownFileType = archive.ar; name = "libITKIOTransformHDF5-4.8.a"; path = "../../../../ITK-4.8/Universal/Release/lib/libITKIOTransformHDF5-4.8.a"; sourceTree = "<group>"; };
		228972821B5FEC4000260C0F /* libITKIOTransformInsightLegacy-4.8.a */ = {isa = PBXFileReference; lastKnownFileType = archive.ar; name = "libITKIOTransformInsightLegacy-4.8.a"; path = "../../../../ITK-4.8/Universal/Release/lib/libITKIOTransformInsightLegacy-4.8.a"; sourceTree = "<group>"; };
		228972831B5FEC4000260C0F /* libITKIOTransformMatlab-4.8.a */ = {isa = PBXFileReference; lastKnownFileType = archive.ar; name = "libITKIOTransformMatlab-4.8.a"; path = "../../../../ITK-4.8/Universal/Release/lib/libITKIOTransformMatlab-4.8.a"; sourceTree = "<group>"; };
		228972841B5FEC4000260C0F /* libITKIOVTK-4.8.a */ = {isa = PBXFileReference; lastKnownFileType = archive.ar; name = "libITKIOVTK-4.8.a"; path = "../../../../ITK-4.8/Universal/Release/lib/libITKIOVTK-4.8.a"; sourceTree = "<group>"; };
		228972851B5FEC4000260C0F /* libITKIOXML-4.8.a */ = {isa = PBXFileReference; lastKnownFileType = archive.ar; name = "libITKIOXML-4.8.a"; path = "../../../../ITK-4.8/Universal/Release/lib/libITKIOXML-4.8.a"; sourceTree = "<group>"; };
		228972861B5FEC4000260C0F /* libitkjpeg-4.8.a */ = {isa = PBXFileReference; lastKnownFileType = archive.ar; name = "libitkjpeg-4.8.a"; path = "../../../../ITK-4.8/Universal/Release/lib/libitkjpeg-4.8.a"; sourceTree = "<group>"; };
		228972871B5FEC4000260C0F /* libITKKLMRegionGrowing-4.8.a */ = {isa = PBXFileReference; lastKnownFileType = archive.ar; name = "libITKKLMRegionGrowing-4.8.a"; path = "../../../../ITK-4.8/Universal/Release/lib/libITKKLMRegionGrowing-4.8.a"; sourceTree = "<group>"; };
		228972881B5FEC4000260C0F /* libITKLabelMap-4.8.a */ = {isa = PBXFileReference; lastKnownFileType = archive.ar; name = "libITKLabelMap-4.8.a"; path = "../../../../ITK-4.8/Universal/Release/lib/libITKLabelMap-4.8.a"; sourceTree = "<group>"; };
		228972891B5FEC4000260C0F /* libITKMesh-4.8.a */ = {isa = PBXFileReference; lastKnownFileType = archive.ar; name = "libITKMesh-4.8.a"; path = "../../../../ITK-4.8/Universal/Release/lib/libITKMesh-4.8.a"; sourceTree = "<group>"; };
		2289728A1B5FEC4000260C0F /* libITKMetaIO-4.8.a */ = {isa = PBXFileReference; lastKnownFileType = archive.ar; name = "libITKMetaIO-4.8.a"; path = "../../../../ITK-4.8/Universal/Release/lib/libITKMetaIO-4.8.a"; sourceTree = "<group>"; };
		2289728B1B5FEC4000260C0F /* libitkNetlibSlatec-4.8.a */ = {isa = PBXFileReference; lastKnownFileType = archive.ar; name = "libitkNetlibSlatec-4.8.a"; path = "../../../../ITK-4.8/Universal/Release/lib/libitkNetlibSlatec-4.8.a"; sourceTree = "<group>"; };
		2289728C1B5FEC4000260C0F /* libITKniftiio-4.8.a */ = {isa = PBXFileReference; lastKnownFileType = archive.ar; name = "libITKniftiio-4.8.a"; path = "../../../../ITK-4.8/Universal/Release/lib/libITKniftiio-4.8.a"; sourceTree = "<group>"; };
		2289728D1B5FEC4000260C0F /* libITKNrrdIO-4.8.a */ = {isa = PBXFileReference; lastKnownFileType = archive.ar; name = "libITKNrrdIO-4.8.a"; path = "../../../../ITK-4.8/Universal/Release/lib/libITKNrrdIO-4.8.a"; sourceTree = "<group>"; };
		2289728E1B5FEC4000260C0F /* libITKOptimizers-4.8.a */ = {isa = PBXFileReference; lastKnownFileType = archive.ar; name = "libITKOptimizers-4.8.a"; path = "../../../../ITK-4.8/Universal/Release/lib/libITKOptimizers-4.8.a"; sourceTree = "<group>"; };
		2289728F1B5FEC4000260C0F /* libITKOptimizersv4-4.8.a */ = {isa = PBXFileReference; lastKnownFileType = archive.ar; name = "libITKOptimizersv4-4.8.a"; path = "../../../../ITK-4.8/Universal/Release/lib/libITKOptimizersv4-4.8.a"; sourceTree = "<group>"; };
		228972901B5FEC4000260C0F /* libITKPath-4.8.a */ = {isa = PBXFileReference; lastKnownFileType = archive.ar; name = "libITKPath-4.8.a"; path = "../../../../ITK-4.8/Universal/Release/lib/libITKPath-4.8.a"; sourceTree = "<group>"; };
		228972911B5FEC4000260C0F /* libitkpng-4.8.a */ = {isa = PBXFileReference; lastKnownFileType = archive.ar; name = "libitkpng-4.8.a"; path = "../../../../ITK-4.8/Universal/Release/lib/libitkpng-4.8.a"; sourceTree = "<group>"; };
		228972921B5FEC4000260C0F /* libITKPolynomials-4.8.a */ = {isa = PBXFileReference; lastKnownFileType = archive.ar; name = "libITKPolynomials-4.8.a"; path = "../../../../ITK-4.8/Universal/Release/lib/libITKPolynomials-4.8.a"; sourceTree = "<group>"; };
		228972931B5FEC4000260C0F /* libITKQuadEdgeMesh-4.8.a */ = {isa = PBXFileReference; lastKnownFileType = archive.ar; name = "libITKQuadEdgeMesh-4.8.a"; path = "../../../../ITK-4.8/Universal/Release/lib/libITKQuadEdgeMesh-4.8.a"; sourceTree = "<group>"; };
		228972941B5FEC4000260C0F /* libITKSpatialObjects-4.8.a */ = {isa = PBXFileReference; lastKnownFileType = archive.ar; name = "libITKSpatialObjects-4.8.a"; path = "../../../../ITK-4.8/Universal/Release/lib/libITKSpatialObjects-4.8.a"; sourceTree = "<group>"; };
		228972951B5FEC4000260C0F /* libITKStatistics-4.8.a */ = {isa = PBXFileReference; lastKnownFileType = archive.ar; name = "libITKStatistics-4.8.a"; path = "../../../../ITK-4.8/Universal/Release/lib/libITKStatistics-4.8.a"; sourceTree = "<group>"; };
		228972961B5FEC4000260C0F /* libitksys-4.8.a */ = {isa = PBXFileReference; lastKnownFileType = archive.ar; name = "libitksys-4.8.a"; path = "../../../../ITK-4.8/Universal/Release/lib/libitksys-4.8.a"; sourceTree = "<group>"; };
		228972971B5FEC4000260C0F /* libitktiff-4.8.a */ = {isa = PBXFileReference; lastKnownFileType = archive.ar; name = "libitktiff-4.8.a"; path = "../../../../ITK-4.8/Universal/Release/lib/libitktiff-4.8.a"; sourceTree = "<group>"; };
		228972981B5FEC4000260C0F /* libitkv3p_lsqr-4.8.a */ = {isa = PBXFileReference; lastKnownFileType = archive.ar; name = "libitkv3p_lsqr-4.8.a"; path = "../../../../ITK-4.8/Universal/Release/lib/libitkv3p_lsqr-4.8.a"; sourceTree = "<group>"; };
		228972991B5FEC4000260C0F /* libitkv3p_netlib-4.8.a */ = {isa = PBXFileReference; lastKnownFileType = archive.ar; name = "libitkv3p_netlib-4.8.a"; path = "../../../../ITK-4.8/Universal/Release/lib/libitkv3p_netlib-4.8.a"; sourceTree = "<group>"; };
		2289729A1B5FEC4000260C0F /* libitkvcl-4.8.a */ = {isa = PBXFileReference; lastKnownFileType = archive.ar; name = "libitkvcl-4.8.a"; path = "../../../../ITK-4.8/Universal/Release/lib/libitkvcl-4.8.a"; sourceTree = "<group>"; };
		2289729B1B5FEC4000260C0F /* libITKVideoCore-4.8.a */ = {isa = PBXFileReference; lastKnownFileType = archive.ar; name = "libITKVideoCore-4.8.a"; path = "../../../../ITK-4.8/Universal/Release/lib/libITKVideoCore-4.8.a"; sourceTree = "<group>"; };
		2289729C1B5FEC4000260C0F /* libITKVideoIO-4.8.a */ = {isa = PBXFileReference; lastKnownFileType = archive.ar; name = "libITKVideoIO-4.8.a"; path = "../../../../ITK-4.8/Universal/Release/lib/libITKVideoIO-4.8.a"; sourceTree = "<group>"; };
		2289729D1B5FEC4000260C0F /* libitkvnl_algo-4.8.a */ = {isa = PBXFileReference; lastKnownFileType = archive.ar; name = "libitkvnl_algo-4.8.a"; path = "../../../../ITK-4.8/Universal/Release/lib/libitkvnl_algo-4.8.a"; sourceTree = "<group>"; };
		2289729E1B5FEC4000260C0F /* libitkvnl-4.8.a */ = {isa = PBXFileReference; lastKnownFileType = archive.ar; name = "libitkvnl-4.8.a"; path = "../../../../ITK-4.8/Universal/Release/lib/libitkvnl-4.8.a"; sourceTree = "<group>"; };
		2289729F1B5FEC4000260C0F /* libITKVNLInstantiation-4.8.a */ = {isa = PBXFileReference; lastKnownFileType = archive.ar; name = "libITKVNLInstantiation-4.8.a"; path = "../../../../ITK-4.8/Universal/Release/lib/libITKVNLInstantiation-4.8.a"; sourceTree = "<group>"; };
		228972A01B5FEC4000260C0F /* libITKVTK-4.8.a */ = {isa = PBXFileReference; lastKnownFileType = archive.ar; name = "libITKVTK-4.8.a"; path = "../../../../ITK-4.8/Universal/Release/lib/libITKVTK-4.8.a"; sourceTree = "<group>"; };
		228972A11B5FEC4000260C0F /* libITKWatersheds-4.8.a */ = {isa = PBXFileReference; lastKnownFileType = archive.ar; name = "libITKWatersheds-4.8.a"; path = "../../../../ITK-4.8/Universal/Release/lib/libITKWatersheds-4.8.a"; sourceTree = "<group>"; };
		228972A21B5FEC4000260C0F /* libitkzlib-4.8.a */ = {isa = PBXFileReference; lastKnownFileType = archive.ar; name = "libitkzlib-4.8.a"; path = "../../../../ITK-4.8/Universal/Release/lib/libitkzlib-4.8.a"; sourceTree = "<group>"; };
		228972A31B5FEC4000260C0F /* libITKznz-4.8.a */ = {isa = PBXFileReference; lastKnownFileType = archive.ar; name = "libITKznz-4.8.a"; path = "../../../../ITK-4.8/Universal/Release/lib/libITKznz-4.8.a"; sourceTree = "<group>"; };
		22A4C9281950A28100607CE0 /* ErrorCodes.h */ = {isa = PBXFileReference; lastKnownFileType = sourcecode.c.h; path = ErrorCodes.h; sourceTree = "<group>"; };
		22BC1BEB18EB060000FFDEFC /* SeriesInfo.h */ = {isa = PBXFileReference; fileEncoding = 4; lastKnownFileType = sourcecode.c.h; path = SeriesInfo.h; sourceTree = "<group>"; };
		22BC1BEC18EB060000FFDEFC /* SeriesInfo.m */ = {isa = PBXFileReference; fileEncoding = 4; lastKnownFileType = sourcecode.c.objc; path = SeriesInfo.m; sourceTree = "<group>"; };
		22C1C94F18E45A0B006A801D /* ImageReader.mm */ = {isa = PBXFileReference; fileEncoding = 4; lastKnownFileType = sourcecode.cpp.objcpp; path = ImageReader.mm; sourceTree = "<group>"; };
		22C8E3DC1B56CE6F00F5FBE1 /* Manual.odt */ = {isa = PBXFileReference; lastKnownFileType = file; path = Manual.odt; sourceTree = "<group>"; };
		22CF499B1A38999D0074D5D6 /* ErrorCodes.c */ = {isa = PBXFileReference; fileEncoding = 4; lastKnownFileType = sourcecode.c.c; path = ErrorCodes.c; sourceTree = "<group>"; };
		22CF91101B5D2ECC0049ED66 /* liblog4cplusS.a */ = {isa = PBXFileReference; lastKnownFileType = archive.ar; name = liblog4cplusS.a; path = ../../usr/local/lib/liblog4cplusS.a; sourceTree = "<group>"; };
		22CF91111B5D2ECC0049ED66 /* liblog4m.a */ = {isa = PBXFileReference; lastKnownFileType = archive.ar; name = liblog4m.a; path = ../../usr/local/lib/liblog4m.a; sourceTree = "<group>"; };
		22D7FE5D18E5C85C00D5E451 /* DicomSeriesWriter.mm */ = {isa = PBXFileReference; fileEncoding = 4; lastKnownFileType = sourcecode.cpp.objcpp; path = DicomSeriesWriter.mm; sourceTree = "<group>"; };
		22D7FE5E18E5C85C00D5E451 /* DicomSeriesWriter.h */ = {isa = PBXFileReference; fileEncoding = 4; lastKnownFileType = sourcecode.c.h; path = DicomSeriesWriter.h; sourceTree = "<group>"; };
		22F99D3718E078EE007EAF0A /* ConvertToDicom.app */ = {isa = PBXFileReference; explicitFileType = wrapper.application; includeInIndex = 0; path = ConvertToDicom.app; sourceTree = BUILT_PRODUCTS_DIR; };
		22F99D3A18E078EE007EAF0A /* Cocoa.framework */ = {isa = PBXFileReference; lastKnownFileType = wrapper.framework; name = Cocoa.framework; path = System/Library/Frameworks/Cocoa.framework; sourceTree = SDKROOT; };
		22F99D3D18E078EE007EAF0A /* AppKit.framework */ = {isa = PBXFileReference; lastKnownFileType = wrapper.framework; name = AppKit.framework; path = System/Library/Frameworks/AppKit.framework; sourceTree = SDKROOT; };
		22F99D3E18E078EE007EAF0A /* CoreData.framework */ = {isa = PBXFileReference; lastKnownFileType = wrapper.framework; name = CoreData.framework; path = System/Library/Frameworks/CoreData.framework; sourceTree = SDKROOT; };
		22F99D3F18E078EE007EAF0A /* Foundation.framework */ = {isa = PBXFileReference; lastKnownFileType = wrapper.framework; name = Foundation.framework; path = System/Library/Frameworks/Foundation.framework; sourceTree = SDKROOT; };
		22F99D4218E078EE007EAF0A /* ConvertToDicom-Info.plist */ = {isa = PBXFileReference; lastKnownFileType = text.plist.xml; path = "ConvertToDicom-Info.plist"; sourceTree = "<group>"; };
		22F99D4418E078EE007EAF0A /* en */ = {isa = PBXFileReference; lastKnownFileType = text.plist.strings; name = en; path = en.lproj/InfoPlist.strings; sourceTree = "<group>"; };
		22F99D4618E078EE007EAF0A /* main.m */ = {isa = PBXFileReference; lastKnownFileType = sourcecode.c.objc; path = main.m; sourceTree = "<group>"; };
		22F99D4818E078EE007EAF0A /* ConvertToDicom-Prefix.pch */ = {isa = PBXFileReference; lastKnownFileType = sourcecode.c.h; path = "ConvertToDicom-Prefix.pch"; sourceTree = "<group>"; };
		22F99D4A18E078EE007EAF0A /* en */ = {isa = PBXFileReference; lastKnownFileType = text.rtf; name = en; path = en.lproj/Credits.rtf; sourceTree = "<group>"; };
		22F99D4C18E078EE007EAF0A /* AppDelegate.h */ = {isa = PBXFileReference; lastKnownFileType = sourcecode.c.h; path = AppDelegate.h; sourceTree = "<group>"; };
		22F99D4D18E078EE007EAF0A /* AppDelegate.mm */ = {isa = PBXFileReference; lastKnownFileType = sourcecode.cpp.objcpp; path = AppDelegate.mm; sourceTree = "<group>"; };
		22F99D5218E078EE007EAF0A /* Images.xcassets */ = {isa = PBXFileReference; lastKnownFileType = folder.assetcatalog; path = Images.xcassets; sourceTree = "<group>"; };
		22F99D6E18E07941007EAF0A /* SeriesConverter.h */ = {isa = PBXFileReference; fileEncoding = 4; lastKnownFileType = sourcecode.c.h; path = SeriesConverter.h; sourceTree = "<group>"; };
		22F99D6F18E07941007EAF0A /* SeriesConverter.mm */ = {isa = PBXFileReference; fileEncoding = 4; lastKnownFileType = sourcecode.cpp.objcpp; path = SeriesConverter.mm; sourceTree = "<group>"; };
		22F99EA918E080FA007EAF0A /* WindowController.h */ = {isa = PBXFileReference; fileEncoding = 4; lastKnownFileType = sourcecode.c.h; path = WindowController.h; sourceTree = "<group>"; };
		22F99EAA18E080FA007EAF0A /* WindowController.mm */ = {isa = PBXFileReference; fileEncoding = 4; lastKnownFileType = sourcecode.cpp.objcpp; path = WindowController.mm; sourceTree = "<group>"; };
		22F99EAD18E0BB70007EAF0A /* DumpMetaDataDictionary.cpp */ = {isa = PBXFileReference; fileEncoding = 4; lastKnownFileType = sourcecode.cpp.cpp; path = DumpMetaDataDictionary.cpp; sourceTree = "<group>"; };
		22F99EAE18E0BB70007EAF0A /* DumpMetaDataDictionary.h */ = {isa = PBXFileReference; fileEncoding = 4; lastKnownFileType = sourcecode.c.h; path = DumpMetaDataDictionary.h; sourceTree = "<group>"; };
/* End PBXFileReference section */

/* Begin PBXFrameworksBuildPhase section */
		22F99D3418E078EE007EAF0A /* Frameworks */ = {
			isa = PBXFrameworksBuildPhase;
			buildActionMask = 2147483647;
			files = (
				228972BB1B5FEC4000260C0F /* libITKIOBioRad-4.8.a in Frameworks */,
				228972DF1B5FEC4000260C0F /* libITKOptimizersv4-4.8.a in Frameworks */,
				228972A81B5FEC4000260C0F /* libitkdouble-conversion-4.8.a in Frameworks */,
				228972CE1B5FEC4000260C0F /* libITKIOStimulate-4.8.a in Frameworks */,
				228972CD1B5FEC4000260C0F /* libITKIOSpatialObjects-4.8.a in Frameworks */,
				228972E21B5FEC4000260C0F /* libITKPolynomials-4.8.a in Frameworks */,
				228972F11B5FEC4000260C0F /* libITKWatersheds-4.8.a in Frameworks */,
				228972EE1B5FEC4000260C0F /* libitkvnl-4.8.a in Frameworks */,
				228972A71B5FEC4000260C0F /* libITKDICOMParser-4.8.a in Frameworks */,
				228972AA1B5FEC4000260C0F /* libITKFEM-4.8.a in Frameworks */,
				228972E91B5FEC4000260C0F /* libitkv3p_netlib-4.8.a in Frameworks */,
				228972C21B5FEC4000260C0F /* libITKIOImageBase-4.8.a in Frameworks */,
				228972D31B5FEC4000260C0F /* libITKIOTransformMatlab-4.8.a in Frameworks */,
				228972B61B5FEC4000260C0F /* libitkgdcmsocketxx-4.8.a in Frameworks */,
				228972EF1B5FEC4000260C0F /* libITKVNLInstantiation-4.8.a in Frameworks */,
				228972BC1B5FEC4000260C0F /* libITKIOBMP-4.8.a in Frameworks */,
				228972E11B5FEC4000260C0F /* libitkpng-4.8.a in Frameworks */,
				228972CF1B5FEC4000260C0F /* libITKIOTIFF-4.8.a in Frameworks */,
				228972BD1B5FEC4000260C0F /* libITKIOCSV-4.8.a in Frameworks */,
				228972C81B5FEC4000260C0F /* libITKIOMRC-4.8.a in Frameworks */,
				228972C11B5FEC4000260C0F /* libITKIOHDF5-4.8.a in Frameworks */,
				228972DA1B5FEC4000260C0F /* libITKMetaIO-4.8.a in Frameworks */,
				228972B01B5FEC4000260C0F /* libitkgdcmjpeg8-4.8.a in Frameworks */,
				228972E81B5FEC4000260C0F /* libitkv3p_lsqr-4.8.a in Frameworks */,
				228972A61B5FEC4000260C0F /* libITKCommon-4.8.a in Frameworks */,
				228972F31B5FEC4000260C0F /* libITKznz-4.8.a in Frameworks */,
				228972E01B5FEC4000260C0F /* libITKPath-4.8.a in Frameworks */,
				228972AE1B5FEC4000260C0F /* libitkgdcmDSED-4.8.a in Frameworks */,
				228972AD1B5FEC4000260C0F /* libitkgdcmDICT-4.8.a in Frameworks */,
				228972C01B5FEC4000260C0F /* libITKIOGIPL-4.8.a in Frameworks */,
				228972B91B5FEC4000260C0F /* libitkhdf5_cpp-4.8.a in Frameworks */,
				228972B21B5FEC4000260C0F /* libitkgdcmjpeg16-4.8.a in Frameworks */,
				228972CB1B5FEC4000260C0F /* libITKIOPNG-4.8.a in Frameworks */,
				228972AB1B5FEC4000260C0F /* libitkgdcmcharls-4.8.a in Frameworks */,
				228972D81B5FEC4000260C0F /* libITKLabelMap-4.8.a in Frameworks */,
				228972C41B5FEC4000260C0F /* libITKIOJPEG-4.8.a in Frameworks */,
				228972AF1B5FEC4000260C0F /* libitkgdcmIOD-4.8.a in Frameworks */,
				228972EA1B5FEC4000260C0F /* libitkvcl-4.8.a in Frameworks */,
				228972A91B5FEC4000260C0F /* libITKEXPAT-4.8.a in Frameworks */,
				22CF91131B5D2ECC0049ED66 /* liblog4m.a in Frameworks */,
				228972AC1B5FEC4000260C0F /* libitkgdcmCommon-4.8.a in Frameworks */,
				228972B51B5FEC4000260C0F /* libitkgdcmopenjpeg-4.8.a in Frameworks */,
				228972B11B5FEC4000260C0F /* libitkgdcmjpeg12-4.8.a in Frameworks */,
				228972F01B5FEC4000260C0F /* libITKVTK-4.8.a in Frameworks */,
				228972D91B5FEC4000260C0F /* libITKMesh-4.8.a in Frameworks */,
				228972BE1B5FEC4000260C0F /* libITKIOGDCM-4.8.a in Frameworks */,
				228972E51B5FEC4000260C0F /* libITKStatistics-4.8.a in Frameworks */,
				228972D41B5FEC4000260C0F /* libITKIOVTK-4.8.a in Frameworks */,
				228972D21B5FEC4000260C0F /* libITKIOTransformInsightLegacy-4.8.a in Frameworks */,
				228972F21B5FEC4000260C0F /* libitkzlib-4.8.a in Frameworks */,
				228972C71B5FEC4000260C0F /* libITKIOMeta-4.8.a in Frameworks */,
				228972DB1B5FEC4000260C0F /* libitkNetlibSlatec-4.8.a in Frameworks */,
				228972D11B5FEC4000260C0F /* libITKIOTransformHDF5-4.8.a in Frameworks */,
				228972E31B5FEC4000260C0F /* libITKQuadEdgeMesh-4.8.a in Frameworks */,
				228972D61B5FEC4000260C0F /* libitkjpeg-4.8.a in Frameworks */,
				228972D01B5FEC4000260C0F /* libITKIOTransformBase-4.8.a in Frameworks */,
				228972E71B5FEC4000260C0F /* libitktiff-4.8.a in Frameworks */,
				228972EC1B5FEC4000260C0F /* libITKVideoIO-4.8.a in Frameworks */,
				228972C91B5FEC4000260C0F /* libITKIONIFTI-4.8.a in Frameworks */,
				228972BF1B5FEC4000260C0F /* libITKIOGE-4.8.a in Frameworks */,
				228972CA1B5FEC4000260C0F /* libITKIONRRD-4.8.a in Frameworks */,
				228972A51B5FEC4000260C0F /* libITKBioCell-4.8.a in Frameworks */,
				22F99D3B18E078EE007EAF0A /* Cocoa.framework in Frameworks */,
				228972B41B5FEC4000260C0F /* libitkgdcmMSFF-4.8.a in Frameworks */,
				228972D51B5FEC4000260C0F /* libITKIOXML-4.8.a in Frameworks */,
				228972B81B5FEC4000260C0F /* libITKgiftiio-4.8.a in Frameworks */,
				228972E61B5FEC4000260C0F /* libitksys-4.8.a in Frameworks */,
				228972C61B5FEC4000260C0F /* libITKIOMesh-4.8.a in Frameworks */,
				228972ED1B5FEC4000260C0F /* libitkvnl_algo-4.8.a in Frameworks */,
				228972E41B5FEC4000260C0F /* libITKSpatialObjects-4.8.a in Frameworks */,
				228972C31B5FEC4000260C0F /* libITKIOIPL-4.8.a in Frameworks */,
				228972A41B5FEC4000260C0F /* libITKBiasCorrection-4.8.a in Frameworks */,
				228972B31B5FEC4000260C0F /* libitkgdcmMEXD-4.8.a in Frameworks */,
				228972DD1B5FEC4000260C0F /* libITKNrrdIO-4.8.a in Frameworks */,
				228972D71B5FEC4000260C0F /* libITKKLMRegionGrowing-4.8.a in Frameworks */,
				22CF91121B5D2ECC0049ED66 /* liblog4cplusS.a in Frameworks */,
				228972BA1B5FEC4000260C0F /* libitkhdf5-4.8.a in Frameworks */,
				228972C51B5FEC4000260C0F /* libITKIOLSM-4.8.a in Frameworks */,
				228972CC1B5FEC4000260C0F /* libITKIOSiemens-4.8.a in Frameworks */,
				228972DC1B5FEC4000260C0F /* libITKniftiio-4.8.a in Frameworks */,
				228972B71B5FEC4000260C0F /* libitkgdcmuuid-4.8.a in Frameworks */,
				228972DE1B5FEC4000260C0F /* libITKOptimizers-4.8.a in Frameworks */,
				228972EB1B5FEC4000260C0F /* libITKVideoCore-4.8.a in Frameworks */,
			);
			runOnlyForDeploymentPostprocessing = 0;
		};
/* End PBXFrameworksBuildPhase section */

/* Begin PBXGroup section */
		226C4C4018F6D43600B10693 /* Xibs */ = {
			isa = PBXGroup;
			children = (
				22F99D4F18E078EE007EAF0A /* MainWindow.xib */,
			);
			name = Xibs;
			sourceTree = "<group>";
		};
		22F99D2E18E078EE007EAF0A = {
			isa = PBXGroup;
			children = (
				22F99D4018E078EE007EAF0A /* ConvertToDicom */,
				22F99D3918E078EE007EAF0A /* Frameworks */,
				22F99D3818E078EE007EAF0A /* Products */,
				22F99D7218E07A85007EAF0A /* Libraries */,
				22F99D4118E078EE007EAF0A /* Supporting Files */,
			);
			sourceTree = "<group>";
		};
		22F99D3818E078EE007EAF0A /* Products */ = {
			isa = PBXGroup;
			children = (
				22F99D3718E078EE007EAF0A /* ConvertToDicom.app */,
			);
			name = Products;
			sourceTree = "<group>";
		};
		22F99D3918E078EE007EAF0A /* Frameworks */ = {
			isa = PBXGroup;
			children = (
				22F99D3A18E078EE007EAF0A /* Cocoa.framework */,
				22F99D3C18E078EE007EAF0A /* Other Frameworks */,
			);
			name = Frameworks;
			sourceTree = "<group>";
		};
		22F99D3C18E078EE007EAF0A /* Other Frameworks */ = {
			isa = PBXGroup;
			children = (
				22F99D3D18E078EE007EAF0A /* AppKit.framework */,
				22F99D3E18E078EE007EAF0A /* CoreData.framework */,
				22F99D3F18E078EE007EAF0A /* Foundation.framework */,
			);
			name = "Other Frameworks";
			sourceTree = "<group>";
		};
		22F99D4018E078EE007EAF0A /* ConvertToDicom */ = {
			isa = PBXGroup;
			children = (
				22F99D4C18E078EE007EAF0A /* AppDelegate.h */,
				22F99D4D18E078EE007EAF0A /* AppDelegate.mm */,
				22D7FE5E18E5C85C00D5E451 /* DicomSeriesWriter.h */,
				22D7FE5D18E5C85C00D5E451 /* DicomSeriesWriter.mm */,
				22F99EAE18E0BB70007EAF0A /* DumpMetaDataDictionary.h */,
				22F99EAD18E0BB70007EAF0A /* DumpMetaDataDictionary.cpp */,
				22A4C9281950A28100607CE0 /* ErrorCodes.h */,
				22CF499B1A38999D0074D5D6 /* ErrorCodes.c */,
				2245823218E1BDDD002D03A4 /* ImageReader.h */,
				22C1C94F18E45A0B006A801D /* ImageReader.mm */,
				2263E970194F3A0D00E0C027 /* LoggerName.h */,
				2263E96E194F2E6B00E0C027 /* LoggerUtils.h */,
				2263E96D194F2E6B00E0C027 /* LoggerUtils.mm */,
				22F99D6E18E07941007EAF0A /* SeriesConverter.h */,
				22F99D6F18E07941007EAF0A /* SeriesConverter.mm */,
				22BC1BEB18EB060000FFDEFC /* SeriesInfo.h */,
				22BC1BEC18EB060000FFDEFC /* SeriesInfo.m */,
				220128731933A80B005F1A3A /* SeriesInfoITK.h */,
				220128721933A80B005F1A3A /* SeriesInfoITK.mm */,
				2245823418E1CC08002D03A4 /* Typedefs.h */,
				223765B41923DCA400580892 /* UserDefaults.h */,
				223765B51923DCA400580892 /* UserDefaults.m */,
				22F99EA918E080FA007EAF0A /* WindowController.h */,
				22F99EAA18E080FA007EAF0A /* WindowController.mm */,
				226C4C4018F6D43600B10693 /* Xibs */,
			);
			path = ConvertToDicom;
			sourceTree = "<group>";
		};
		22F99D4118E078EE007EAF0A /* Supporting Files */ = {
			isa = PBXGroup;
			children = (
				22C8E3DC1B56CE6F00F5FBE1 /* Manual.odt */,
				22F99D5218E078EE007EAF0A /* Images.xcassets */,
				22F99D4218E078EE007EAF0A /* ConvertToDicom-Info.plist */,
				22F99D4318E078EE007EAF0A /* InfoPlist.strings */,
				22F99D4618E078EE007EAF0A /* main.m */,
				22F99D4818E078EE007EAF0A /* ConvertToDicom-Prefix.pch */,
				22F99D4918E078EE007EAF0A /* Credits.rtf */,
				226D69AB1952274B009D447B /* Readme.rtf */,
			);
			name = "Supporting Files";
			path = ConvertToDicom;
			sourceTree = "<group>";
		};
		22F99D7218E07A85007EAF0A /* Libraries */ = {
			isa = PBXGroup;
			children = (
				22CF91101B5D2ECC0049ED66 /* liblog4cplusS.a */,
				22CF91111B5D2ECC0049ED66 /* liblog4m.a */,
				22F99D7318E07AA4007EAF0A /* ITK */,
			);
			name = Libraries;
			sourceTree = "<group>";
		};
		22F99D7318E07AA4007EAF0A /* ITK */ = {
			isa = PBXGroup;
			children = (
				228972541B5FEC4000260C0F /* libITKBiasCorrection-4.8.a */,
				228972551B5FEC4000260C0F /* libITKBioCell-4.8.a */,
				228972561B5FEC4000260C0F /* libITKCommon-4.8.a */,
				228972571B5FEC4000260C0F /* libITKDICOMParser-4.8.a */,
				228972581B5FEC4000260C0F /* libitkdouble-conversion-4.8.a */,
				228972591B5FEC4000260C0F /* libITKEXPAT-4.8.a */,
				2289725A1B5FEC4000260C0F /* libITKFEM-4.8.a */,
				2289725B1B5FEC4000260C0F /* libitkgdcmcharls-4.8.a */,
				2289725C1B5FEC4000260C0F /* libitkgdcmCommon-4.8.a */,
				2289725D1B5FEC4000260C0F /* libitkgdcmDICT-4.8.a */,
				2289725E1B5FEC4000260C0F /* libitkgdcmDSED-4.8.a */,
				2289725F1B5FEC4000260C0F /* libitkgdcmIOD-4.8.a */,
				228972601B5FEC4000260C0F /* libitkgdcmjpeg8-4.8.a */,
				228972611B5FEC4000260C0F /* libitkgdcmjpeg12-4.8.a */,
				228972621B5FEC4000260C0F /* libitkgdcmjpeg16-4.8.a */,
				228972631B5FEC4000260C0F /* libitkgdcmMEXD-4.8.a */,
				228972641B5FEC4000260C0F /* libitkgdcmMSFF-4.8.a */,
				228972651B5FEC4000260C0F /* libitkgdcmopenjpeg-4.8.a */,
				228972661B5FEC4000260C0F /* libitkgdcmsocketxx-4.8.a */,
				228972671B5FEC4000260C0F /* libitkgdcmuuid-4.8.a */,
				228972681B5FEC4000260C0F /* libITKgiftiio-4.8.a */,
				228972691B5FEC4000260C0F /* libitkhdf5_cpp-4.8.a */,
				2289726A1B5FEC4000260C0F /* libitkhdf5-4.8.a */,
				2289726B1B5FEC4000260C0F /* libITKIOBioRad-4.8.a */,
				2289726C1B5FEC4000260C0F /* libITKIOBMP-4.8.a */,
				2289726D1B5FEC4000260C0F /* libITKIOCSV-4.8.a */,
				2289726E1B5FEC4000260C0F /* libITKIOGDCM-4.8.a */,
				2289726F1B5FEC4000260C0F /* libITKIOGE-4.8.a */,
				228972701B5FEC4000260C0F /* libITKIOGIPL-4.8.a */,
				228972711B5FEC4000260C0F /* libITKIOHDF5-4.8.a */,
				228972721B5FEC4000260C0F /* libITKIOImageBase-4.8.a */,
				228972731B5FEC4000260C0F /* libITKIOIPL-4.8.a */,
				228972741B5FEC4000260C0F /* libITKIOJPEG-4.8.a */,
				228972751B5FEC4000260C0F /* libITKIOLSM-4.8.a */,
				228972761B5FEC4000260C0F /* libITKIOMesh-4.8.a */,
				228972771B5FEC4000260C0F /* libITKIOMeta-4.8.a */,
				228972781B5FEC4000260C0F /* libITKIOMRC-4.8.a */,
				228972791B5FEC4000260C0F /* libITKIONIFTI-4.8.a */,
				2289727A1B5FEC4000260C0F /* libITKIONRRD-4.8.a */,
				2289727B1B5FEC4000260C0F /* libITKIOPNG-4.8.a */,
				2289727C1B5FEC4000260C0F /* libITKIOSiemens-4.8.a */,
				2289727D1B5FEC4000260C0F /* libITKIOSpatialObjects-4.8.a */,
				2289727E1B5FEC4000260C0F /* libITKIOStimulate-4.8.a */,
				2289727F1B5FEC4000260C0F /* libITKIOTIFF-4.8.a */,
				228972801B5FEC4000260C0F /* libITKIOTransformBase-4.8.a */,
				228972811B5FEC4000260C0F /* libITKIOTransformHDF5-4.8.a */,
				228972821B5FEC4000260C0F /* libITKIOTransformInsightLegacy-4.8.a */,
				228972831B5FEC4000260C0F /* libITKIOTransformMatlab-4.8.a */,
				228972841B5FEC4000260C0F /* libITKIOVTK-4.8.a */,
				228972851B5FEC4000260C0F /* libITKIOXML-4.8.a */,
				228972861B5FEC4000260C0F /* libitkjpeg-4.8.a */,
				228972871B5FEC4000260C0F /* libITKKLMRegionGrowing-4.8.a */,
				228972881B5FEC4000260C0F /* libITKLabelMap-4.8.a */,
				228972891B5FEC4000260C0F /* libITKMesh-4.8.a */,
				2289728A1B5FEC4000260C0F /* libITKMetaIO-4.8.a */,
				2289728B1B5FEC4000260C0F /* libitkNetlibSlatec-4.8.a */,
				2289728C1B5FEC4000260C0F /* libITKniftiio-4.8.a */,
				2289728D1B5FEC4000260C0F /* libITKNrrdIO-4.8.a */,
				2289728E1B5FEC4000260C0F /* libITKOptimizers-4.8.a */,
				2289728F1B5FEC4000260C0F /* libITKOptimizersv4-4.8.a */,
				228972901B5FEC4000260C0F /* libITKPath-4.8.a */,
				228972911B5FEC4000260C0F /* libitkpng-4.8.a */,
				228972921B5FEC4000260C0F /* libITKPolynomials-4.8.a */,
				228972931B5FEC4000260C0F /* libITKQuadEdgeMesh-4.8.a */,
				228972941B5FEC4000260C0F /* libITKSpatialObjects-4.8.a */,
				228972951B5FEC4000260C0F /* libITKStatistics-4.8.a */,
				228972961B5FEC4000260C0F /* libitksys-4.8.a */,
				228972971B5FEC4000260C0F /* libitktiff-4.8.a */,
				228972981B5FEC4000260C0F /* libitkv3p_lsqr-4.8.a */,
				228972991B5FEC4000260C0F /* libitkv3p_netlib-4.8.a */,
				2289729A1B5FEC4000260C0F /* libitkvcl-4.8.a */,
				2289729B1B5FEC4000260C0F /* libITKVideoCore-4.8.a */,
				2289729C1B5FEC4000260C0F /* libITKVideoIO-4.8.a */,
				2289729D1B5FEC4000260C0F /* libitkvnl_algo-4.8.a */,
				2289729E1B5FEC4000260C0F /* libitkvnl-4.8.a */,
				2289729F1B5FEC4000260C0F /* libITKVNLInstantiation-4.8.a */,
				228972A01B5FEC4000260C0F /* libITKVTK-4.8.a */,
				228972A11B5FEC4000260C0F /* libITKWatersheds-4.8.a */,
				228972A21B5FEC4000260C0F /* libitkzlib-4.8.a */,
				228972A31B5FEC4000260C0F /* libITKznz-4.8.a */,
			);
			name = ITK;
			path = ../../usr/local/ITK/Universal/Debug/lib;
			sourceTree = "<group>";
		};
/* End PBXGroup section */

/* Begin PBXNativeTarget section */
		22F99D3618E078EE007EAF0A /* ConvertToDicom */ = {
			isa = PBXNativeTarget;
			buildConfigurationList = 22F99D6818E078EE007EAF0A /* Build configuration list for PBXNativeTarget "ConvertToDicom" */;
			buildPhases = (
				22F99D3318E078EE007EAF0A /* Sources */,
				22F99D3418E078EE007EAF0A /* Frameworks */,
				22F99D3518E078EE007EAF0A /* Resources */,
			);
			buildRules = (
			);
			dependencies = (
			);
			name = ConvertToDicom;
			productName = ConvertToDicom;
			productReference = 22F99D3718E078EE007EAF0A /* ConvertToDicom.app */;
			productType = "com.apple.product-type.application";
		};
/* End PBXNativeTarget section */

/* Begin PBXProject section */
		22F99D2F18E078EE007EAF0A /* Project object */ = {
			isa = PBXProject;
			attributes = {
				LastUpgradeCheck = 0620;
				ORGANIZATIONNAME = "Tim Allman";
			};
			buildConfigurationList = 22F99D3218E078EE007EAF0A /* Build configuration list for PBXProject "ConvertToDicom" */;
			compatibilityVersion = "Xcode 3.2";
			developmentRegion = English;
			hasScannedForEncodings = 0;
			knownRegions = (
				en,
				Base,
			);
			mainGroup = 22F99D2E18E078EE007EAF0A;
			productRefGroup = 22F99D3818E078EE007EAF0A /* Products */;
			projectDirPath = "";
			projectRoot = "";
			targets = (
				22F99D3618E078EE007EAF0A /* ConvertToDicom */,
			);
		};
/* End PBXProject section */

/* Begin PBXResourcesBuildPhase section */
		22F99D3518E078EE007EAF0A /* Resources */ = {
			isa = PBXResourcesBuildPhase;
			buildActionMask = 2147483647;
			files = (
				22F99D4518E078EE007EAF0A /* InfoPlist.strings in Resources */,
				22F99D5318E078EE007EAF0A /* Images.xcassets in Resources */,
				22F99D4B18E078EE007EAF0A /* Credits.rtf in Resources */,
				22C8E3DD1B56CE6F00F5FBE1 /* Manual.odt in Resources */,
				226D69AC1952274B009D447B /* Readme.rtf in Resources */,
				22F99D5118E078EE007EAF0A /* MainWindow.xib in Resources */,
			);
			runOnlyForDeploymentPostprocessing = 0;
		};
/* End PBXResourcesBuildPhase section */

/* Begin PBXSourcesBuildPhase section */
		22F99D3318E078EE007EAF0A /* Sources */ = {
			isa = PBXSourcesBuildPhase;
			buildActionMask = 2147483647;
			files = (
				22D7FE5F18E5C85C00D5E451 /* DicomSeriesWriter.mm in Sources */,
				22C1C95018E45A0B006A801D /* ImageReader.mm in Sources */,
				22F99D4E18E078EE007EAF0A /* AppDelegate.mm in Sources */,
				22F99EAB18E080FA007EAF0A /* WindowController.mm in Sources */,
				22F99D4718E078EE007EAF0A /* main.m in Sources */,
				223765B61923DCA400580892 /* UserDefaults.m in Sources */,
				2263E96F194F2E6B00E0C027 /* LoggerUtils.mm in Sources */,
				22BC1BED18EB060000FFDEFC /* SeriesInfo.m in Sources */,
				22F99EB018E0BB70007EAF0A /* DumpMetaDataDictionary.cpp in Sources */,
				22CF499C1A38999D0074D5D6 /* ErrorCodes.c in Sources */,
				220128741933A80B005F1A3A /* SeriesInfoITK.mm in Sources */,
				22F99D7018E07941007EAF0A /* SeriesConverter.mm in Sources */,
			);
			runOnlyForDeploymentPostprocessing = 0;
		};
/* End PBXSourcesBuildPhase section */

/* Begin PBXVariantGroup section */
		22F99D4318E078EE007EAF0A /* InfoPlist.strings */ = {
			isa = PBXVariantGroup;
			children = (
				22F99D4418E078EE007EAF0A /* en */,
			);
			name = InfoPlist.strings;
			sourceTree = "<group>";
		};
		22F99D4918E078EE007EAF0A /* Credits.rtf */ = {
			isa = PBXVariantGroup;
			children = (
				22F99D4A18E078EE007EAF0A /* en */,
			);
			name = Credits.rtf;
			sourceTree = "<group>";
		};
		22F99D4F18E078EE007EAF0A /* MainWindow.xib */ = {
			isa = PBXVariantGroup;
			children = (
				2258CBC81AFCE56A00200E92 /* en */,
			);
			name = MainWindow.xib;
			sourceTree = "<group>";
		};
/* End PBXVariantGroup section */

/* Begin XCBuildConfiguration section */
		22F99D6618E078EE007EAF0A /* Debug */ = {
			isa = XCBuildConfiguration;
			buildSettings = {
				ALWAYS_SEARCH_USER_PATHS = NO;
				CLANG_ANALYZER_SECURITY_INSECUREAPI_RAND = YES;
				CLANG_CXX_LANGUAGE_STANDARD = "compiler-default";
				CLANG_CXX_LIBRARY = "compiler-default";
				CLANG_ENABLE_MODULES = YES;
				CLANG_ENABLE_OBJC_ARC = YES;
				CLANG_WARN_BOOL_CONVERSION = YES;
				CLANG_WARN_CONSTANT_CONVERSION = YES;
				CLANG_WARN_DIRECT_OBJC_ISA_USAGE = YES_ERROR;
				CLANG_WARN_EMPTY_BODY = YES;
				CLANG_WARN_ENUM_CONVERSION = YES;
				CLANG_WARN_INT_CONVERSION = YES;
				CLANG_WARN_OBJC_ROOT_CLASS = YES_ERROR;
				CLANG_WARN__DUPLICATE_METHOD_MATCH = YES;
				COPY_PHASE_STRIP = NO;
				CURRENT_PROJECT_VERSION = 0.2;
				GCC_C_LANGUAGE_STANDARD = c11;
				GCC_DYNAMIC_NO_PIC = NO;
				GCC_ENABLE_OBJC_EXCEPTIONS = YES;
				GCC_OPTIMIZATION_LEVEL = 0;
				GCC_PREPROCESSOR_DEFINITIONS = (
					"DEBUG=1",
					"$(inherited)",
				);
				GCC_SYMBOLS_PRIVATE_EXTERN = NO;
				GCC_WARN_64_TO_32_BIT_CONVERSION = YES;
				GCC_WARN_ABOUT_RETURN_TYPE = YES_ERROR;
				GCC_WARN_UNDECLARED_SELECTOR = YES;
				GCC_WARN_UNINITIALIZED_AUTOS = YES_AGGRESSIVE;
				GCC_WARN_UNUSED_FUNCTION = YES;
				GCC_WARN_UNUSED_VARIABLE = YES;
				LIBRARY_SEARCH_PATHS = "/Users/tim/usr/local/ITK-4.8/Universal/Release/lib";
				MACOSX_DEPLOYMENT_TARGET = 10.7;
				ONLY_ACTIVE_ARCH = YES;
				SDKROOT = macosx;
				VALID_ARCHS = x86_64;
			};
			name = Debug;
		};
		22F99D6718E078EE007EAF0A /* Release */ = {
			isa = XCBuildConfiguration;
			buildSettings = {
				ALWAYS_SEARCH_USER_PATHS = NO;
				CLANG_ANALYZER_SECURITY_INSECUREAPI_RAND = YES;
				CLANG_CXX_LANGUAGE_STANDARD = "compiler-default";
				CLANG_CXX_LIBRARY = "compiler-default";
				CLANG_ENABLE_MODULES = YES;
				CLANG_ENABLE_OBJC_ARC = YES;
				CLANG_WARN_BOOL_CONVERSION = YES;
				CLANG_WARN_CONSTANT_CONVERSION = YES;
				CLANG_WARN_DIRECT_OBJC_ISA_USAGE = YES_ERROR;
				CLANG_WARN_EMPTY_BODY = YES;
				CLANG_WARN_ENUM_CONVERSION = YES;
				CLANG_WARN_INT_CONVERSION = YES;
				CLANG_WARN_OBJC_ROOT_CLASS = YES_ERROR;
				CLANG_WARN__DUPLICATE_METHOD_MATCH = YES;
				COPY_PHASE_STRIP = YES;
				CURRENT_PROJECT_VERSION = 0.2;
				DEBUG_INFORMATION_FORMAT = "dwarf-with-dsym";
				ENABLE_NS_ASSERTIONS = NO;
				GCC_C_LANGUAGE_STANDARD = c11;
				GCC_ENABLE_OBJC_EXCEPTIONS = YES;
				GCC_WARN_64_TO_32_BIT_CONVERSION = YES;
				GCC_WARN_ABOUT_RETURN_TYPE = YES_ERROR;
				GCC_WARN_UNDECLARED_SELECTOR = YES;
				GCC_WARN_UNINITIALIZED_AUTOS = YES_AGGRESSIVE;
				GCC_WARN_UNUSED_FUNCTION = YES;
				GCC_WARN_UNUSED_VARIABLE = YES;
				LIBRARY_SEARCH_PATHS = "/Users/tim/usr/local/ITK-4.8/Universal/Release/lib";
				MACOSX_DEPLOYMENT_TARGET = 10.7;
				ONLY_ACTIVE_ARCH = YES;
				SDKROOT = macosx;
				VALID_ARCHS = x86_64;
			};
			name = Release;
		};
		22F99D6918E078EE007EAF0A /* Debug */ = {
			isa = XCBuildConfiguration;
			buildSettings = {
				ALWAYS_SEARCH_USER_PATHS = NO;
				ASSETCATALOG_COMPILER_APPICON_NAME = AppIcon;
				CLANG_CXX_LANGUAGE_STANDARD = "gnu++98";
				CLANG_CXX_LIBRARY = "libstdc++";
				CLANG_ENABLE_OBJC_ARC = YES;
				COMBINE_HIDPI_IMAGES = YES;
				CURRENT_PROJECT_VERSION = 0.2;
				GCC_PRECOMPILE_PREFIX_HEADER = YES;
				GCC_PREFIX_HEADER = "ConvertToDicom/ConvertToDicom-Prefix.pch";
				HEADER_SEARCH_PATHS = (
					"$(inherited)",
					/Applications/Xcode.app/Contents/Developer/Toolchains/XcodeDefault.xctoolchain/usr/include,
					"/Users/tim/usr/local/ITK-4.8/x86_64/Debug/include/ITK-4.8",
					/opt/local/include,
					/Users/tim/usr/local/include,
				);
				INFOPLIST_FILE = "ConvertToDicom/ConvertToDicom-Info.plist";
				LIBRARY_SEARCH_PATHS = (
					"$(inherited)",
					/Users/tim/usr/local/lib,
					"/Users/tim/usr/local/ITK-4.8/x86_64/Debug/lib",
					"/Users/tim/usr/local/ITK-4.8/x86_64/Release/lib",
					"/Users/tim/usr/local/ITK-4.8/Universal/Release/lib",
				);
				ONLY_ACTIVE_ARCH = NO;
				PRODUCT_NAME = "$(TARGET_NAME)";
				VALID_ARCHS = "x86_64 i386";
				VERSIONING_SYSTEM = "apple-generic";
				WRAPPER_EXTENSION = app;
			};
			name = Debug;
		};
		22F99D6A18E078EE007EAF0A /* Release */ = {
			isa = XCBuildConfiguration;
			buildSettings = {
				ALWAYS_SEARCH_USER_PATHS = NO;
				ASSETCATALOG_COMPILER_APPICON_NAME = AppIcon;
				CLANG_CXX_LANGUAGE_STANDARD = "gnu++98";
				CLANG_CXX_LIBRARY = "libstdc++";
				CLANG_ENABLE_OBJC_ARC = YES;
				COMBINE_HIDPI_IMAGES = YES;
				CURRENT_PROJECT_VERSION = 0.2;
				GCC_PRECOMPILE_PREFIX_HEADER = YES;
				GCC_PREFIX_HEADER = "ConvertToDicom/ConvertToDicom-Prefix.pch";
				HEADER_SEARCH_PATHS = (
					"$(inherited)",
					/Applications/Xcode.app/Contents/Developer/Toolchains/XcodeDefault.xctoolchain/usr/include,
					"/Users/tim/usr/local/ITK-4.8/x86_64/Debug/include/ITK-4.8",
					/opt/local/include,
					/Users/tim/usr/local/include,
				);
				INFOPLIST_FILE = "ConvertToDicom/ConvertToDicom-Info.plist";
				LIBRARY_SEARCH_PATHS = (
					"$(inherited)",
					/Users/tim/usr/local/lib,
					"/Users/tim/usr/local/ITK-4.8/x86_64/Debug/lib",
					"/Users/tim/usr/local/ITK-4.8/x86_64/Release/lib",
					"/Users/tim/usr/local/ITK-4.8/Universal/Release/lib",
				);
				ONLY_ACTIVE_ARCH = NO;
				PRODUCT_NAME = "$(TARGET_NAME)";
				VALID_ARCHS = "x86_64 i386";
				VERSIONING_SYSTEM = "apple-generic";
				WRAPPER_EXTENSION = app;
			};
			name = Release;
		};
/* End XCBuildConfiguration section */

/* Begin XCConfigurationList section */
		22F99D3218E078EE007EAF0A /* Build configuration list for PBXProject "ConvertToDicom" */ = {
			isa = XCConfigurationList;
			buildConfigurations = (
				22F99D6618E078EE007EAF0A /* Debug */,
				22F99D6718E078EE007EAF0A /* Release */,
			);
			defaultConfigurationIsVisible = 0;
			defaultConfigurationName = Release;
		};
		22F99D6818E078EE007EAF0A /* Build configuration list for PBXNativeTarget "ConvertToDicom" */ = {
			isa = XCConfigurationList;
			buildConfigurations = (
				22F99D6918E078EE007EAF0A /* Debug */,
				22F99D6A18E078EE007EAF0A /* Release */,
			);
			defaultConfigurationIsVisible = 0;
			defaultConfigurationName = Release;
		};
/* End XCConfigurationList section */
	};
	rootObject = 22F99D2F18E078EE007EAF0A /* Project object */;
}
